// !$*UTF8*$!
{
	archiveVersion = 1;
	classes = {
	};
	objectVersion = 46;
	objects = {

/* Begin PBXBuildFile section */
		CD21EE411B91C43200AFA0F5 /* main.m in Sources */ = {isa = PBXBuildFile; fileRef = CD21EE401B91C43200AFA0F5 /* main.m */; };
		CD21EE441B91C43200AFA0F5 /* AppDelegate.m in Sources */ = {isa = PBXBuildFile; fileRef = CD21EE431B91C43200AFA0F5 /* AppDelegate.m */; };
		CD21EE4C1B91C43200AFA0F5 /* Images.xcassets in Resources */ = {isa = PBXBuildFile; fileRef = CD21EE4B1B91C43200AFA0F5 /* Images.xcassets */; };
		CD21EE4F1B91C43200AFA0F5 /* LaunchScreen.xib in Resources */ = {isa = PBXBuildFile; fileRef = CD21EE4D1B91C43200AFA0F5 /* LaunchScreen.xib */; };
		CD21EE5B1B91C43200AFA0F5 /* MyWeiboTests.m in Sources */ = {isa = PBXBuildFile; fileRef = CD21EE5A1B91C43200AFA0F5 /* MyWeiboTests.m */; };
		CD6B47681B93554B00F3F247 /* ProfileTableViewController.m in Sources */ = {isa = PBXBuildFile; fileRef = CD6B47671B93554B00F3F247 /* ProfileTableViewController.m */; };
		CD6B476D1B93576200F3F247 /* NewFeatureViewController.m in Sources */ = {isa = PBXBuildFile; fileRef = CD6B476C1B93576200F3F247 /* NewFeatureViewController.m */; };
		CDB866131B96DEA0003836F3 /* AuthViewController.m in Sources */ = {isa = PBXBuildFile; fileRef = CDB866121B96DEA0003836F3 /* AuthViewController.m */; };
		CDBAC5711B9A0AC100C48709 /* AccessTokenModel.m in Sources */ = {isa = PBXBuildFile; fileRef = CDBAC5701B9A0AC100C48709 /* AccessTokenModel.m */; };
		CDBAC5741B9A11A400C48709 /* AccountTool.m in Sources */ = {isa = PBXBuildFile; fileRef = CDBAC5731B9A11A400C48709 /* AccountTool.m */; };
		CDDDBC8C1B9D621400EC5AF4 /* User.m in Sources */ = {isa = PBXBuildFile; fileRef = CDDDBC8B1B9D621400EC5AF4 /* User.m */; };
		CDE082211B920C5F008A954C /* TabBarViewController.m in Sources */ = {isa = PBXBuildFile; fileRef = CDE082201B920C5F008A954C /* TabBarViewController.m */; };
		CDE082241B920C95008A954C /* NavigationViewController.m in Sources */ = {isa = PBXBuildFile; fileRef = CDE082231B920C95008A954C /* NavigationViewController.m */; };
		CDE082271B921004008A954C /* HomeTableViewController.m in Sources */ = {isa = PBXBuildFile; fileRef = CDE082261B921004008A954C /* HomeTableViewController.m */; };
		CDE0822D1B92186D008A954C /* MessageCenterTableViewController.m in Sources */ = {isa = PBXBuildFile; fileRef = CDE0822C1B92186D008A954C /* MessageCenterTableViewController.m */; };
		CDE082331B922E9D008A954C /* DiscoverTableViewController.m in Sources */ = {isa = PBXBuildFile; fileRef = CDE082321B922E9D008A954C /* DiscoverTableViewController.m */; };
		CDE082361B93218F008A954C /* MyTabbar.m in Sources */ = {isa = PBXBuildFile; fileRef = CDE082351B93218F008A954C /* MyTabbar.m */; };
		CDE0823A1B9323B9008A954C /* UIView+Extension.m in Sources */ = {isa = PBXBuildFile; fileRef = CDE082391B9323B9008A954C /* UIView+Extension.m */; };
/* End PBXBuildFile section */

/* Begin PBXContainerItemProxy section */
		CD21EE551B91C43200AFA0F5 /* PBXContainerItemProxy */ = {
			isa = PBXContainerItemProxy;
			containerPortal = CD21EE331B91C43200AFA0F5 /* Project object */;
			proxyType = 1;
			remoteGlobalIDString = CD21EE3A1B91C43200AFA0F5;
			remoteInfo = MyWeibo;
		};
/* End PBXContainerItemProxy section */

/* Begin PBXFileReference section */
		CD21EE3B1B91C43200AFA0F5 /* MyWeibo.app */ = {isa = PBXFileReference; explicitFileType = wrapper.application; includeInIndex = 0; path = MyWeibo.app; sourceTree = BUILT_PRODUCTS_DIR; };
		CD21EE3F1B91C43200AFA0F5 /* Info.plist */ = {isa = PBXFileReference; lastKnownFileType = text.plist.xml; path = Info.plist; sourceTree = "<group>"; };
		CD21EE401B91C43200AFA0F5 /* main.m */ = {isa = PBXFileReference; lastKnownFileType = sourcecode.c.objc; path = main.m; sourceTree = "<group>"; };
		CD21EE421B91C43200AFA0F5 /* AppDelegate.h */ = {isa = PBXFileReference; lastKnownFileType = sourcecode.c.h; path = AppDelegate.h; sourceTree = "<group>"; };
		CD21EE431B91C43200AFA0F5 /* AppDelegate.m */ = {isa = PBXFileReference; lastKnownFileType = sourcecode.c.objc; path = AppDelegate.m; sourceTree = "<group>"; };
		CD21EE4B1B91C43200AFA0F5 /* Images.xcassets */ = {isa = PBXFileReference; lastKnownFileType = folder.assetcatalog; path = Images.xcassets; sourceTree = "<group>"; };
		CD21EE4E1B91C43200AFA0F5 /* Base */ = {isa = PBXFileReference; lastKnownFileType = file.xib; name = Base; path = Base.lproj/LaunchScreen.xib; sourceTree = "<group>"; };
		CD21EE541B91C43200AFA0F5 /* MyWeiboTests.xctest */ = {isa = PBXFileReference; explicitFileType = wrapper.cfbundle; includeInIndex = 0; path = MyWeiboTests.xctest; sourceTree = BUILT_PRODUCTS_DIR; };
		CD21EE591B91C43200AFA0F5 /* Info.plist */ = {isa = PBXFileReference; lastKnownFileType = text.plist.xml; path = Info.plist; sourceTree = "<group>"; };
		CD21EE5A1B91C43200AFA0F5 /* MyWeiboTests.m */ = {isa = PBXFileReference; lastKnownFileType = sourcecode.c.objc; path = MyWeiboTests.m; sourceTree = "<group>"; };
		CD6B47661B93554B00F3F247 /* ProfileTableViewController.h */ = {isa = PBXFileReference; fileEncoding = 4; lastKnownFileType = sourcecode.c.h; name = ProfileTableViewController.h; path = "Class/Profile(我)/Controller/ProfileTableViewController.h"; sourceTree = "<group>"; };
		CD6B47671B93554B00F3F247 /* ProfileTableViewController.m */ = {isa = PBXFileReference; fileEncoding = 4; lastKnownFileType = sourcecode.c.objc; name = ProfileTableViewController.m; path = "Class/Profile(我)/Controller/ProfileTableViewController.m"; sourceTree = "<group>"; };
		CD6B476B1B93576200F3F247 /* NewFeatureViewController.h */ = {isa = PBXFileReference; fileEncoding = 4; lastKnownFileType = sourcecode.c.h; name = NewFeatureViewController.h; path = Class/NewFeature/Controller/NewFeatureViewController.h; sourceTree = "<group>"; };
		CD6B476C1B93576200F3F247 /* NewFeatureViewController.m */ = {isa = PBXFileReference; fileEncoding = 4; lastKnownFileType = sourcecode.c.objc; name = NewFeatureViewController.m; path = Class/NewFeature/Controller/NewFeatureViewController.m; sourceTree = "<group>"; };
		CDB866111B96DEA0003836F3 /* AuthViewController.h */ = {isa = PBXFileReference; fileEncoding = 4; lastKnownFileType = sourcecode.c.h; name = AuthViewController.h; path = Class/OAuth/Controller/AuthViewController.h; sourceTree = "<group>"; };
		CDB866121B96DEA0003836F3 /* AuthViewController.m */ = {isa = PBXFileReference; fileEncoding = 4; lastKnownFileType = sourcecode.c.objc; name = AuthViewController.m; path = Class/OAuth/Controller/AuthViewController.m; sourceTree = "<group>"; };
		CDBAC56F1B9A0AC100C48709 /* AccessTokenModel.h */ = {isa = PBXFileReference; fileEncoding = 4; lastKnownFileType = sourcecode.c.h; name = AccessTokenModel.h; path = Class/OAuth/Model/AccessTokenModel.h; sourceTree = "<group>"; };
		CDBAC5701B9A0AC100C48709 /* AccessTokenModel.m */ = {isa = PBXFileReference; fileEncoding = 4; lastKnownFileType = sourcecode.c.objc; name = AccessTokenModel.m; path = Class/OAuth/Model/AccessTokenModel.m; sourceTree = "<group>"; };
		CDBAC5721B9A11A400C48709 /* AccountTool.h */ = {isa = PBXFileReference; fileEncoding = 4; lastKnownFileType = sourcecode.c.h; name = AccountTool.h; path = Class/OAuth/Tools/AccountTool.h; sourceTree = "<group>"; };
		CDBAC5731B9A11A400C48709 /* AccountTool.m */ = {isa = PBXFileReference; fileEncoding = 4; lastKnownFileType = sourcecode.c.objc; name = AccountTool.m; path = Class/OAuth/Tools/AccountTool.m; sourceTree = "<group>"; };
		CDDDBC8A1B9D621400EC5AF4 /* User.h */ = {isa = PBXFileReference; fileEncoding = 4; lastKnownFileType = sourcecode.c.h; name = User.h; path = "Class/Home(首页)/Model/User.h"; sourceTree = "<group>"; };
		CDDDBC8B1B9D621400EC5AF4 /* User.m */ = {isa = PBXFileReference; fileEncoding = 4; lastKnownFileType = sourcecode.c.objc; name = User.m; path = "Class/Home(首页)/Model/User.m"; sourceTree = "<group>"; };
		CDE0821F1B920C5F008A954C /* TabBarViewController.h */ = {isa = PBXFileReference; fileEncoding = 4; lastKnownFileType = sourcecode.c.h; name = TabBarViewController.h; path = "Class/Main(主要)/Controller/TabBarViewController.h"; sourceTree = "<group>"; };
		CDE082201B920C5F008A954C /* TabBarViewController.m */ = {isa = PBXFileReference; fileEncoding = 4; lastKnownFileType = sourcecode.c.objc; name = TabBarViewController.m; path = "Class/Main(主要)/Controller/TabBarViewController.m"; sourceTree = "<group>"; };
		CDE082221B920C95008A954C /* NavigationViewController.h */ = {isa = PBXFileReference; fileEncoding = 4; lastKnownFileType = sourcecode.c.h; name = NavigationViewController.h; path = "Class/Main(主要)/Controller/NavigationViewController.h"; sourceTree = "<group>"; };
		CDE082231B920C95008A954C /* NavigationViewController.m */ = {isa = PBXFileReference; fileEncoding = 4; lastKnownFileType = sourcecode.c.objc; name = NavigationViewController.m; path = "Class/Main(主要)/Controller/NavigationViewController.m"; sourceTree = "<group>"; };
		CDE082251B921004008A954C /* HomeTableViewController.h */ = {isa = PBXFileReference; fileEncoding = 4; lastKnownFileType = sourcecode.c.h; name = HomeTableViewController.h; path = "Class/Home(首页)/Controller/HomeTableViewController.h"; sourceTree = "<group>"; };
		CDE082261B921004008A954C /* HomeTableViewController.m */ = {isa = PBXFileReference; fileEncoding = 4; lastKnownFileType = sourcecode.c.objc; name = HomeTableViewController.m; path = "Class/Home(首页)/Controller/HomeTableViewController.m"; sourceTree = "<group>"; };
		CDE0822B1B92186D008A954C /* MessageCenterTableViewController.h */ = {isa = PBXFileReference; fileEncoding = 4; lastKnownFileType = sourcecode.c.h; name = MessageCenterTableViewController.h; path = "Class/MessageCenter(消息)/Controller/MessageCenterTableViewController.h"; sourceTree = "<group>"; };
		CDE0822C1B92186D008A954C /* MessageCenterTableViewController.m */ = {isa = PBXFileReference; fileEncoding = 4; lastKnownFileType = sourcecode.c.objc; name = MessageCenterTableViewController.m; path = "Class/MessageCenter(消息)/Controller/MessageCenterTableViewController.m"; sourceTree = "<group>"; };
		CDE082311B922E9D008A954C /* DiscoverTableViewController.h */ = {isa = PBXFileReference; fileEncoding = 4; lastKnownFileType = sourcecode.c.h; name = DiscoverTableViewController.h; path = "Class/Discover(广场)/Controller/DiscoverTableViewController.h"; sourceTree = "<group>"; };
		CDE082321B922E9D008A954C /* DiscoverTableViewController.m */ = {isa = PBXFileReference; fileEncoding = 4; lastKnownFileType = sourcecode.c.objc; name = DiscoverTableViewController.m; path = "Class/Discover(广场)/Controller/DiscoverTableViewController.m"; sourceTree = "<group>"; };
		CDE082341B93218F008A954C /* MyTabbar.h */ = {isa = PBXFileReference; fileEncoding = 4; lastKnownFileType = sourcecode.c.h; name = MyTabbar.h; path = "Class/Main(主要)/View/MyTabbar.h"; sourceTree = "<group>"; };
		CDE082351B93218F008A954C /* MyTabbar.m */ = {isa = PBXFileReference; fileEncoding = 4; lastKnownFileType = sourcecode.c.objc; name = MyTabbar.m; path = "Class/Main(主要)/View/MyTabbar.m"; sourceTree = "<group>"; };
		CDE082381B9323B9008A954C /* UIView+Extension.h */ = {isa = PBXFileReference; fileEncoding = 4; lastKnownFileType = sourcecode.c.h; name = "UIView+Extension.h"; path = "Class/Main(主要)/Category/UIView+Extension.h"; sourceTree = "<group>"; };
		CDE082391B9323B9008A954C /* UIView+Extension.m */ = {isa = PBXFileReference; fileEncoding = 4; lastKnownFileType = sourcecode.c.objc; name = "UIView+Extension.m"; path = "Class/Main(主要)/Category/UIView+Extension.m"; sourceTree = "<group>"; };
/* End PBXFileReference section */

/* Begin PBXFrameworksBuildPhase section */
		CD21EE381B91C43200AFA0F5 /* Frameworks */ = {
			isa = PBXFrameworksBuildPhase;
			buildActionMask = 2147483647;
			files = (
			);
			runOnlyForDeploymentPostprocessing = 0;
		};
		CD21EE511B91C43200AFA0F5 /* Frameworks */ = {
			isa = PBXFrameworksBuildPhase;
			buildActionMask = 2147483647;
			files = (
			);
			runOnlyForDeploymentPostprocessing = 0;
		};
/* End PBXFrameworksBuildPhase section */

/* Begin PBXGroup section */
		CD21EE321B91C43200AFA0F5 = {
			isa = PBXGroup;
			children = (
				CD21EE3D1B91C43200AFA0F5 /* MyWeibo */,
				CD21EE571B91C43200AFA0F5 /* MyWeiboTests */,
				CD21EE3C1B91C43200AFA0F5 /* Products */,
			);
			sourceTree = "<group>";
		};
		CD21EE3C1B91C43200AFA0F5 /* Products */ = {
			isa = PBXGroup;
			children = (
				CD21EE3B1B91C43200AFA0F5 /* MyWeibo.app */,
				CD21EE541B91C43200AFA0F5 /* MyWeiboTests.xctest */,
			);
			name = Products;
			sourceTree = "<group>";
		};
		CD21EE3D1B91C43200AFA0F5 /* MyWeibo */ = {
			isa = PBXGroup;
			children = (
				CDE082131B920577008A954C /* Class */,
				CD21EE4B1B91C43200AFA0F5 /* Images.xcassets */,
				CD21EE4D1B91C43200AFA0F5 /* LaunchScreen.xib */,
				CD21EE3E1B91C43200AFA0F5 /* Supporting Files */,
			);
			path = MyWeibo;
			sourceTree = "<group>";
		};
		CD21EE3E1B91C43200AFA0F5 /* Supporting Files */ = {
			isa = PBXGroup;
			children = (
				CD21EE3F1B91C43200AFA0F5 /* Info.plist */,
				CD21EE401B91C43200AFA0F5 /* main.m */,
			);
			name = "Supporting Files";
			sourceTree = "<group>";
		};
		CD21EE571B91C43200AFA0F5 /* MyWeiboTests */ = {
			isa = PBXGroup;
			children = (
				CD21EE5A1B91C43200AFA0F5 /* MyWeiboTests.m */,
				CD21EE581B91C43200AFA0F5 /* Supporting Files */,
			);
			path = MyWeiboTests;
			sourceTree = "<group>";
		};
		CD21EE581B91C43200AFA0F5 /* Supporting Files */ = {
			isa = PBXGroup;
			children = (
				CD21EE591B91C43200AFA0F5 /* Info.plist */,
			);
			name = "Supporting Files";
			sourceTree = "<group>";
		};
		CD21EE641B91C47600AFA0F5 /* Main(主要) */ = {
			isa = PBXGroup;
			children = (
				CDE082371B93234D008A954C /* Category */,
				CDE0821E1B920BC1008A954C /* Other */,
				CD21EE681B91C49F00AFA0F5 /* Controller */,
				CD21EE671B91C49A00AFA0F5 /* Lib */,
				CD21EE661B91C49600AFA0F5 /* Model */,
				CD21EE651B91C49100AFA0F5 /* View */,
			);
			name = "Main(主要)";
			sourceTree = "<group>";
		};
		CD21EE651B91C49100AFA0F5 /* View */ = {
			isa = PBXGroup;
			children = (
				CDE082341B93218F008A954C /* MyTabbar.h */,
				CDE082351B93218F008A954C /* MyTabbar.m */,
			);
			name = View;
			sourceTree = "<group>";
		};
		CD21EE661B91C49600AFA0F5 /* Model */ = {
			isa = PBXGroup;
			children = (
			);
			name = Model;
			sourceTree = "<group>";
		};
		CD21EE671B91C49A00AFA0F5 /* Lib */ = {
			isa = PBXGroup;
			children = (
			);
			name = Lib;
			sourceTree = "<group>";
		};
		CD21EE681B91C49F00AFA0F5 /* Controller */ = {
			isa = PBXGroup;
			children = (
				CDE0821F1B920C5F008A954C /* TabBarViewController.h */,
				CDE082201B920C5F008A954C /* TabBarViewController.m */,
				CDE082221B920C95008A954C /* NavigationViewController.h */,
				CDE082231B920C95008A954C /* NavigationViewController.m */,
			);
			name = Controller;
			sourceTree = "<group>";
		};
		CD6B47631B93550200F3F247 /* Controller */ = {
			isa = PBXGroup;
			children = (
				CD6B47661B93554B00F3F247 /* ProfileTableViewController.h */,
				CD6B47671B93554B00F3F247 /* ProfileTableViewController.m */,
			);
			name = Controller;
			sourceTree = "<group>";
		};
		CD6B47641B93550C00F3F247 /* View */ = {
			isa = PBXGroup;
			children = (
			);
			name = View;
			sourceTree = "<group>";
		};
		CD6B47651B93551D00F3F247 /* Model */ = {
			isa = PBXGroup;
			children = (
			);
			name = Model;
			sourceTree = "<group>";
		};
		CD6B47691B9356F200F3F247 /* NewFeature */ = {
			isa = PBXGroup;
			children = (
				CD6B476A1B93570900F3F247 /* Controller */,
			);
			name = NewFeature;
			sourceTree = "<group>";
		};
		CD6B476A1B93570900F3F247 /* Controller */ = {
			isa = PBXGroup;
			children = (
				CD6B476B1B93576200F3F247 /* NewFeatureViewController.h */,
				CD6B476C1B93576200F3F247 /* NewFeatureViewController.m */,
			);
			name = Controller;
			sourceTree = "<group>";
		};
		CDB8660F1B96DE5A003836F3 /* OAuth */ = {
			isa = PBXGroup;
			children = (
				CDBAC56E1B9A0A7A00C48709 /* Model */,
				CDBAC56D1B9A0A5E00C48709 /* Tools */,
				CDB866101B96DE68003836F3 /* Controller */,
			);
			name = OAuth;
			sourceTree = "<group>";
		};
		CDB866101B96DE68003836F3 /* Controller */ = {
			isa = PBXGroup;
			children = (
				CDB866111B96DEA0003836F3 /* AuthViewController.h */,
				CDB866121B96DEA0003836F3 /* AuthViewController.m */,
			);
			name = Controller;
			sourceTree = "<group>";
		};
		CDBAC56D1B9A0A5E00C48709 /* Tools */ = {
			isa = PBXGroup;
			children = (
				CDBAC5721B9A11A400C48709 /* AccountTool.h */,
				CDBAC5731B9A11A400C48709 /* AccountTool.m */,
			);
			name = Tools;
			sourceTree = "<group>";
		};
		CDBAC56E1B9A0A7A00C48709 /* Model */ = {
			isa = PBXGroup;
			children = (
				CDBAC56F1B9A0AC100C48709 /* AccessTokenModel.h */,
				CDBAC5701B9A0AC100C48709 /* AccessTokenModel.m */,
			);
			name = Model;
			sourceTree = "<group>";
		};
		CDE082131B920577008A954C /* Class */ = {
			isa = PBXGroup;
			children = (
				CDB8660F1B96DE5A003836F3 /* OAuth */,
				CD6B47691B9356F200F3F247 /* NewFeature */,
				CDE082171B9205C3008A954C /* MessageCenter(消息) */,
				CDE082161B9205B2008A954C /* Home(首页) */,
				CDE082151B9205A2008A954C /* Profile(我) */,
				CDE082141B920591008A954C /* Discover(广场) */,
				CD21EE641B91C47600AFA0F5 /* Main(主要) */,
			);
			name = Class;
			sourceTree = "<group>";
		};
		CDE082141B920591008A954C /* Discover(广场) */ = {
			isa = PBXGroup;
			children = (
				CDE082301B922E6F008A954C /* Controller */,
				CDE0822F1B922E64008A954C /* Model */,
				CDE0822E1B922E5B008A954C /* View */,
			);
			name = "Discover(广场)";
			sourceTree = "<group>";
		};
		CDE082151B9205A2008A954C /* Profile(我) */ = {
			isa = PBXGroup;
			children = (
				CD6B47651B93551D00F3F247 /* Model */,
				CD6B47641B93550C00F3F247 /* View */,
				CD6B47631B93550200F3F247 /* Controller */,
			);
			name = "Profile(我)";
			sourceTree = "<group>";
		};
		CDE082161B9205B2008A954C /* Home(首页) */ = {
			isa = PBXGroup;
			children = (
				CDE0821A1B92064E008A954C /* Controller */,
				CDE082191B920645008A954C /* View */,
				CDE082181B920640008A954C /* Model */,
			);
			name = "Home(首页)";
			sourceTree = "<group>";
		};
		CDE082171B9205C3008A954C /* MessageCenter(消息) */ = {
			isa = PBXGroup;
			children = (
				CDE0822A1B921820008A954C /* View */,
				CDE082291B92181A008A954C /* Controller */,
				CDE082281B921812008A954C /* Model */,
			);
			name = "MessageCenter(消息)";
			sourceTree = "<group>";
		};
		CDE082181B920640008A954C /* Model */ = {
			isa = PBXGroup;
			children = (
				CDDDBC8A1B9D621400EC5AF4 /* User.h */,
				CDDDBC8B1B9D621400EC5AF4 /* User.m */,
			);
			name = Model;
			sourceTree = "<group>";
		};
		CDE082191B920645008A954C /* View */ = {
			isa = PBXGroup;
			children = (
			);
			name = View;
			sourceTree = "<group>";
		};
		CDE0821A1B92064E008A954C /* Controller */ = {
			isa = PBXGroup;
			children = (
				CDE082251B921004008A954C /* HomeTableViewController.h */,
				CDE082261B921004008A954C /* HomeTableViewController.m */,
			);
			name = Controller;
			sourceTree = "<group>";
		};
		CDE0821E1B920BC1008A954C /* Other */ = {
			isa = PBXGroup;
			children = (
				CD21EE421B91C43200AFA0F5 /* AppDelegate.h */,
				CD21EE431B91C43200AFA0F5 /* AppDelegate.m */,
			);
			name = Other;
			sourceTree = "<group>";
		};
		CDE082281B921812008A954C /* Model */ = {
			isa = PBXGroup;
			children = (
			);
			name = Model;
			sourceTree = "<group>";
		};
		CDE082291B92181A008A954C /* Controller */ = {
			isa = PBXGroup;
			children = (
				CDE0822B1B92186D008A954C /* MessageCenterTableViewController.h */,
				CDE0822C1B92186D008A954C /* MessageCenterTableViewController.m */,
			);
			name = Controller;
			sourceTree = "<group>";
		};
		CDE0822A1B921820008A954C /* View */ = {
			isa = PBXGroup;
			children = (
			);
			name = View;
			sourceTree = "<group>";
		};
		CDE0822E1B922E5B008A954C /* View */ = {
			isa = PBXGroup;
			children = (
			);
			name = View;
			sourceTree = "<group>";
		};
		CDE0822F1B922E64008A954C /* Model */ = {
			isa = PBXGroup;
			children = (
			);
			name = Model;
			sourceTree = "<group>";
		};
		CDE082301B922E6F008A954C /* Controller */ = {
			isa = PBXGroup;
			children = (
				CDE082311B922E9D008A954C /* DiscoverTableViewController.h */,
				CDE082321B922E9D008A954C /* DiscoverTableViewController.m */,
			);
			name = Controller;
			sourceTree = "<group>";
		};
		CDE082371B93234D008A954C /* Category */ = {
			isa = PBXGroup;
			children = (
				CDE082381B9323B9008A954C /* UIView+Extension.h */,
				CDE082391B9323B9008A954C /* UIView+Extension.m */,
			);
			name = Category;
			sourceTree = "<group>";
		};
/* End PBXGroup section */

/* Begin PBXNativeTarget section */
		CD21EE3A1B91C43200AFA0F5 /* MyWeibo */ = {
			isa = PBXNativeTarget;
			buildConfigurationList = CD21EE5E1B91C43200AFA0F5 /* Build configuration list for PBXNativeTarget "MyWeibo" */;
			buildPhases = (
				CD21EE371B91C43200AFA0F5 /* Sources */,
				CD21EE381B91C43200AFA0F5 /* Frameworks */,
				CD21EE391B91C43200AFA0F5 /* Resources */,
			);
			buildRules = (
			);
			dependencies = (
			);
			name = MyWeibo;
			productName = MyWeibo;
			productReference = CD21EE3B1B91C43200AFA0F5 /* MyWeibo.app */;
			productType = "com.apple.product-type.application";
		};
		CD21EE531B91C43200AFA0F5 /* MyWeiboTests */ = {
			isa = PBXNativeTarget;
			buildConfigurationList = CD21EE611B91C43200AFA0F5 /* Build configuration list for PBXNativeTarget "MyWeiboTests" */;
			buildPhases = (
				CD21EE501B91C43200AFA0F5 /* Sources */,
				CD21EE511B91C43200AFA0F5 /* Frameworks */,
				CD21EE521B91C43200AFA0F5 /* Resources */,
			);
			buildRules = (
			);
			dependencies = (
				CD21EE561B91C43200AFA0F5 /* PBXTargetDependency */,
			);
			name = MyWeiboTests;
			productName = MyWeiboTests;
			productReference = CD21EE541B91C43200AFA0F5 /* MyWeiboTests.xctest */;
			productType = "com.apple.product-type.bundle.unit-test";
		};
/* End PBXNativeTarget section */

/* Begin PBXProject section */
		CD21EE331B91C43200AFA0F5 /* Project object */ = {
			isa = PBXProject;
			attributes = {
				LastUpgradeCheck = 0640;
				ORGANIZATIONNAME = cracker;
				TargetAttributes = {
					CD21EE3A1B91C43200AFA0F5 = {
						CreatedOnToolsVersion = 6.4;
					};
					CD21EE531B91C43200AFA0F5 = {
						CreatedOnToolsVersion = 6.4;
						TestTargetID = CD21EE3A1B91C43200AFA0F5;
					};
				};
			};
			buildConfigurationList = CD21EE361B91C43200AFA0F5 /* Build configuration list for PBXProject "MyWeibo" */;
			compatibilityVersion = "Xcode 3.2";
			developmentRegion = English;
			hasScannedForEncodings = 0;
			knownRegions = (
				en,
				Base,
			);
			mainGroup = CD21EE321B91C43200AFA0F5;
			productRefGroup = CD21EE3C1B91C43200AFA0F5 /* Products */;
			projectDirPath = "";
			projectRoot = "";
			targets = (
				CD21EE3A1B91C43200AFA0F5 /* MyWeibo */,
				CD21EE531B91C43200AFA0F5 /* MyWeiboTests */,
			);
		};
/* End PBXProject section */

/* Begin PBXResourcesBuildPhase section */
		CD21EE391B91C43200AFA0F5 /* Resources */ = {
			isa = PBXResourcesBuildPhase;
			buildActionMask = 2147483647;
			files = (
				CD21EE4F1B91C43200AFA0F5 /* LaunchScreen.xib in Resources */,
				CD21EE4C1B91C43200AFA0F5 /* Images.xcassets in Resources */,
			);
			runOnlyForDeploymentPostprocessing = 0;
		};
		CD21EE521B91C43200AFA0F5 /* Resources */ = {
			isa = PBXResourcesBuildPhase;
			buildActionMask = 2147483647;
			files = (
			);
			runOnlyForDeploymentPostprocessing = 0;
		};
/* End PBXResourcesBuildPhase section */

/* Begin PBXSourcesBuildPhase section */
		CD21EE371B91C43200AFA0F5 /* Sources */ = {
			isa = PBXSourcesBuildPhase;
			buildActionMask = 2147483647;
			files = (
				CDE0823A1B9323B9008A954C /* UIView+Extension.m in Sources */,
				CDBAC5741B9A11A400C48709 /* AccountTool.m in Sources */,
				CDE0822D1B92186D008A954C /* MessageCenterTableViewController.m in Sources */,
				CDE082211B920C5F008A954C /* TabBarViewController.m in Sources */,
				CD6B47681B93554B00F3F247 /* ProfileTableViewController.m in Sources */,
				CDDDBC8C1B9D621400EC5AF4 /* User.m in Sources */,
				CDB866131B96DEA0003836F3 /* AuthViewController.m in Sources */,
				CDE082331B922E9D008A954C /* DiscoverTableViewController.m in Sources */,
				CDE082271B921004008A954C /* HomeTableViewController.m in Sources */,
				CD21EE441B91C43200AFA0F5 /* AppDelegate.m in Sources */,
				CDE082241B920C95008A954C /* NavigationViewController.m in Sources */,
				CD21EE411B91C43200AFA0F5 /* main.m in Sources */,
				CDE082361B93218F008A954C /* MyTabbar.m in Sources */,
				CD6B476D1B93576200F3F247 /* NewFeatureViewController.m in Sources */,
				CDBAC5711B9A0AC100C48709 /* AccessTokenModel.m in Sources */,
			);
			runOnlyForDeploymentPostprocessing = 0;
		};
		CD21EE501B91C43200AFA0F5 /* Sources */ = {
			isa = PBXSourcesBuildPhase;
			buildActionMask = 2147483647;
			files = (
				CD21EE5B1B91C43200AFA0F5 /* MyWeiboTests.m in Sources */,
			);
			runOnlyForDeploymentPostprocessing = 0;
		};
/* End PBXSourcesBuildPhase section */

/* Begin PBXTargetDependency section */
		CD21EE561B91C43200AFA0F5 /* PBXTargetDependency */ = {
			isa = PBXTargetDependency;
			target = CD21EE3A1B91C43200AFA0F5 /* MyWeibo */;
			targetProxy = CD21EE551B91C43200AFA0F5 /* PBXContainerItemProxy */;
		};
/* End PBXTargetDependency section */

/* Begin PBXVariantGroup section */
		CD21EE4D1B91C43200AFA0F5 /* LaunchScreen.xib */ = {
			isa = PBXVariantGroup;
			children = (
				CD21EE4E1B91C43200AFA0F5 /* Base */,
			);
			name = LaunchScreen.xib;
			sourceTree = "<group>";
		};
/* End PBXVariantGroup section */

/* Begin XCBuildConfiguration section */
		CD21EE5C1B91C43200AFA0F5 /* Debug */ = {
			isa = XCBuildConfiguration;
			buildSettings = {
				ALWAYS_SEARCH_USER_PATHS = NO;
				CLANG_CXX_LANGUAGE_STANDARD = "gnu++0x";
				CLANG_CXX_LIBRARY = "libc++";
				CLANG_ENABLE_MODULES = YES;
				CLANG_ENABLE_OBJC_ARC = YES;
				CLANG_WARN_BOOL_CONVERSION = YES;
				CLANG_WARN_CONSTANT_CONVERSION = YES;
				CLANG_WARN_DIRECT_OBJC_ISA_USAGE = YES_ERROR;
				CLANG_WARN_EMPTY_BODY = YES;
				CLANG_WARN_ENUM_CONVERSION = YES;
				CLANG_WARN_INT_CONVERSION = YES;
				CLANG_WARN_OBJC_ROOT_CLASS = YES_ERROR;
				CLANG_WARN_UNREACHABLE_CODE = YES;
				CLANG_WARN__DUPLICATE_METHOD_MATCH = YES;
				"CODE_SIGN_IDENTITY[sdk=iphoneos*]" = "iPhone Developer";
				COPY_PHASE_STRIP = NO;
				DEBUG_INFORMATION_FORMAT = "dwarf-with-dsym";
				ENABLE_STRICT_OBJC_MSGSEND = YES;
				GCC_C_LANGUAGE_STANDARD = gnu99;
				GCC_DYNAMIC_NO_PIC = NO;
				GCC_NO_COMMON_BLOCKS = YES;
				GCC_OPTIMIZATION_LEVEL = 0;
				GCC_PREPROCESSOR_DEFINITIONS = (
					"DEBUG=1",
					"$(inherited)",
				);
				GCC_SYMBOLS_PRIVATE_EXTERN = NO;
				GCC_WARN_64_TO_32_BIT_CONVERSION = YES;
				GCC_WARN_ABOUT_RETURN_TYPE = YES_ERROR;
				GCC_WARN_UNDECLARED_SELECTOR = YES;
				GCC_WARN_UNINITIALIZED_AUTOS = YES_AGGRESSIVE;
				GCC_WARN_UNUSED_FUNCTION = YES;
				GCC_WARN_UNUSED_VARIABLE = YES;
				IPHONEOS_DEPLOYMENT_TARGET = 8.4;
				MTL_ENABLE_DEBUG_INFO = YES;
				ONLY_ACTIVE_ARCH = YES;
				SDKROOT = iphoneos;
				TARGETED_DEVICE_FAMILY = "1,2";
			};
			name = Debug;
		};
		CD21EE5D1B91C43200AFA0F5 /* Release */ = {
			isa = XCBuildConfiguration;
			buildSettings = {
				ALWAYS_SEARCH_USER_PATHS = NO;
				CLANG_CXX_LANGUAGE_STANDARD = "gnu++0x";
				CLANG_CXX_LIBRARY = "libc++";
				CLANG_ENABLE_MODULES = YES;
				CLANG_ENABLE_OBJC_ARC = YES;
				CLANG_WARN_BOOL_CONVERSION = YES;
				CLANG_WARN_CONSTANT_CONVERSION = YES;
				CLANG_WARN_DIRECT_OBJC_ISA_USAGE = YES_ERROR;
				CLANG_WARN_EMPTY_BODY = YES;
				CLANG_WARN_ENUM_CONVERSION = YES;
				CLANG_WARN_INT_CONVERSION = YES;
				CLANG_WARN_OBJC_ROOT_CLASS = YES_ERROR;
				CLANG_WARN_UNREACHABLE_CODE = YES;
				CLANG_WARN__DUPLICATE_METHOD_MATCH = YES;
				"CODE_SIGN_IDENTITY[sdk=iphoneos*]" = "iPhone Developer";
				COPY_PHASE_STRIP = NO;
				DEBUG_INFORMATION_FORMAT = "dwarf-with-dsym";
				ENABLE_NS_ASSERTIONS = NO;
				ENABLE_STRICT_OBJC_MSGSEND = YES;
				GCC_C_LANGUAGE_STANDARD = gnu99;
				GCC_NO_COMMON_BLOCKS = YES;
				GCC_WARN_64_TO_32_BIT_CONVERSION = YES;
				GCC_WARN_ABOUT_RETURN_TYPE = YES_ERROR;
				GCC_WARN_UNDECLARED_SELECTOR = YES;
				GCC_WARN_UNINITIALIZED_AUTOS = YES_AGGRESSIVE;
				GCC_WARN_UNUSED_FUNCTION = YES;
				GCC_WARN_UNUSED_VARIABLE = YES;
				IPHONEOS_DEPLOYMENT_TARGET = 8.4;
				MTL_ENABLE_DEBUG_INFO = NO;
				SDKROOT = iphoneos;
				TARGETED_DEVICE_FAMILY = "1,2";
				VALIDATE_PRODUCT = YES;
			};
			name = Release;
		};
		CD21EE5F1B91C43200AFA0F5 /* Debug */ = {
			isa = XCBuildConfiguration;
			buildSettings = {
				ASSETCATALOG_COMPILER_APPICON_NAME = AppIcon;
				INFOPLIST_FILE = MyWeibo/Info.plist;
				LD_RUNPATH_SEARCH_PATHS = "$(inherited) @executable_path/Frameworks";
				PRODUCT_NAME = "$(TARGET_NAME)";
			};
			name = Debug;
		};
		CD21EE601B91C43200AFA0F5 /* Release */ = {
			isa = XCBuildConfiguration;
			buildSettings = {
				ASSETCATALOG_COMPILER_APPICON_NAME = AppIcon;
				INFOPLIST_FILE = MyWeibo/Info.plist;
				LD_RUNPATH_SEARCH_PATHS = "$(inherited) @executable_path/Frameworks";
				PRODUCT_NAME = "$(TARGET_NAME)";
			};
			name = Release;
		};
		CD21EE621B91C43200AFA0F5 /* Debug */ = {
			isa = XCBuildConfiguration;
			buildSettings = {
				BUNDLE_LOADER = "$(TEST_HOST)";
				FRAMEWORK_SEARCH_PATHS = (
					"$(SDKROOT)/Developer/Library/Frameworks",
					"$(inherited)",
				);
				GCC_PREPROCESSOR_DEFINITIONS = (
					"DEBUG=1",
					"$(inherited)",
				);
				INFOPLIST_FILE = MyWeiboTests/Info.plist;
				LD_RUNPATH_SEARCH_PATHS = "$(inherited) @executable_path/Frameworks @loader_path/Frameworks";
				PRODUCT_NAME = "$(TARGET_NAME)";
				TEST_HOST = "$(BUILT_PRODUCTS_DIR)/MyWeibo.app/MyWeibo";
			};
			name = Debug;
		};
		CD21EE631B91C43200AFA0F5 /* Release */ = {
			isa = XCBuildConfiguration;
			buildSettings = {
				BUNDLE_LOADER = "$(TEST_HOST)";
				FRAMEWORK_SEARCH_PATHS = (
					"$(SDKROOT)/Developer/Library/Frameworks",
					"$(inherited)",
				);
				INFOPLIST_FILE = MyWeiboTests/Info.plist;
				LD_RUNPATH_SEARCH_PATHS = "$(inherited) @executable_path/Frameworks @loader_path/Frameworks";
				PRODUCT_NAME = "$(TARGET_NAME)";
				TEST_HOST = "$(BUILT_PRODUCTS_DIR)/MyWeibo.app/MyWeibo";
			};
			name = Release;
		};
/* End XCBuildConfiguration section */

/* Begin XCConfigurationList section */
		CD21EE361B91C43200AFA0F5 /* Build configuration list for PBXProject "MyWeibo" */ = {
			isa = XCConfigurationList;
			buildConfigurations = (
				CD21EE5C1B91C43200AFA0F5 /* Debug */,
				CD21EE5D1B91C43200AFA0F5 /* Release */,
			);
			defaultConfigurationIsVisible = 0;
			defaultConfigurationName = Release;
		};
		CD21EE5E1B91C43200AFA0F5 /* Build configuration list for PBXNativeTarget "MyWeibo" */ = {
			isa = XCConfigurationList;
			buildConfigurations = (
				CD21EE5F1B91C43200AFA0F5 /* Debug */,
				CD21EE601B91C43200AFA0F5 /* Release */,
			);
			defaultConfigurationIsVisible = 0;
			defaultConfigurationName = Release;
		};
		CD21EE611B91C43200AFA0F5 /* Build configuration list for PBXNativeTarget "MyWeiboTests" */ = {
			isa = XCConfigurationList;
			buildConfigurations = (
				CD21EE621B91C43200AFA0F5 /* Debug */,
				CD21EE631B91C43200AFA0F5 /* Release */,
			);
			defaultConfigurationIsVisible = 0;
			defaultConfigurationName = Release;
		};
/* End XCConfigurationList section */
	};
	rootObject = CD21EE331B91C43200AFA0F5 /* Project object */;
}
